{
  "name": "darwin-translator-sdk",
  "version": "0.0.1",
  "lockfileVersion": 1,
  "requires": true,
  "dependencies": {
    "mole-rpc": {
      "version": "0.0.5",
      "resolved": "https://registry.npmjs.org/mole-rpc/-/mole-rpc-0.0.5.tgz",
      "integrity": "sha512-21ta3ysS4FqPFPPcADscWl+JIpIUNY1nKasOsrryd/4a/s0g7jtmhy3ikY2NVgJnfTYr4TuPqiXTu8MPVeEgLw==",
      "requires": {
        "uuid": "3.3.2"
      }
    },
    "mole-rpc-transport-mqtt": {
      "version": "0.0.2",
      "resolved": "https://registry.npmjs.org/mole-rpc-transport-mqtt/-/mole-rpc-transport-mqtt-0.0.2.tgz",
      "integrity": "sha512-OssmDOatTtm6pymN38c1vNA3sAneHEHeaQMjFR2spe3B+1CYP1aHvRWxY6obxYrMmoanUE0JuMWjWySn5cVqaQ=="
    },
    "uuid": {
      "version": "3.3.2",
      "resolved": "https://registry.npmjs.org/uuid/-/uuid-3.3.2.tgz",
      "integrity": "sha512-yXJmeNaw3DnnKAOKJE51sL/ZaYfWJRl1pK9dr19YFCu0ObS231AB1/LbqTKRAQ5kw8A90rA6fr4riOUpTZvQZA=="
    }
  }
}
